// !$*UTF8*$!
{
	archiveVersion = 1;
	classes = {
	};
	objectVersion = 48;
	objects = {

/* Begin PBXBuildFile section */
		2D47F2AC1F69AE01005D7B58 /* VideoVC.swift in Sources */ = {isa = PBXBuildFile; fileRef = 2D47F2AB1F69AE01005D7B58 /* VideoVC.swift */; };
		2D47F2AE1F69AF40005D7B58 /* PartyCell.swift in Sources */ = {isa = PBXBuildFile; fileRef = 2D47F2AD1F69AF40005D7B58 /* PartyCell.swift */; };
		2D47F2B11F69B13D005D7B58 /* PartyRock.swift in Sources */ = {isa = PBXBuildFile; fileRef = 2D47F2B01F69B13D005D7B58 /* PartyRock.swift */; };
		2D47F2B21F69BCF7005D7B58 /* still time.ttf in Resources */ = {isa = PBXBuildFile; fileRef = 2D47F2A91F69AD24005D7B58 /* still time.ttf */; };
		2DCD0D031F67106400CA6642 /* AppDelegate.swift in Sources */ = {isa = PBXBuildFile; fileRef = 2DCD0D021F67106400CA6642 /* AppDelegate.swift */; };
		2DCD0D051F67106400CA6642 /* MainVC.swift in Sources */ = {isa = PBXBuildFile; fileRef = 2DCD0D041F67106400CA6642 /* MainVC.swift */; };
		2DCD0D081F67106400CA6642 /* Main.storyboard in Resources */ = {isa = PBXBuildFile; fileRef = 2DCD0D061F67106400CA6642 /* Main.storyboard */; };
		2DCD0D0A1F67106400CA6642 /* Assets.xcassets in Resources */ = {isa = PBXBuildFile; fileRef = 2DCD0D091F67106400CA6642 /* Assets.xcassets */; };
		2DCD0D0D1F67106400CA6642 /* LaunchScreen.storyboard in Resources */ = {isa = PBXBuildFile; fileRef = 2DCD0D0B1F67106400CA6642 /* LaunchScreen.storyboard */; };
/* End PBXBuildFile section */

/* Begin PBXFileReference section */
		2D47F2A91F69AD24005D7B58 /* still time.ttf */ = {isa = PBXFileReference; lastKnownFileType = file; path = "still time.ttf"; sourceTree = "<group>"; };
		2D47F2AB1F69AE01005D7B58 /* VideoVC.swift */ = {isa = PBXFileReference; lastKnownFileType = sourcecode.swift; path = VideoVC.swift; sourceTree = "<group>"; };
		2D47F2AD1F69AF40005D7B58 /* PartyCell.swift */ = {isa = PBXFileReference; lastKnownFileType = sourcecode.swift; path = PartyCell.swift; sourceTree = "<group>"; };
		2D47F2B01F69B13D005D7B58 /* PartyRock.swift */ = {isa = PBXFileReference; lastKnownFileType = sourcecode.swift; path = PartyRock.swift; sourceTree = "<group>"; };
		2DCD0CFF1F67106400CA6642 /* PartyRock.app */ = {isa = PBXFileReference; explicitFileType = wrapper.application; includeInIndex = 0; path = PartyRock.app; sourceTree = BUILT_PRODUCTS_DIR; };
		2DCD0D021F67106400CA6642 /* AppDelegate.swift */ = {isa = PBXFileReference; lastKnownFileType = sourcecode.swift; path = AppDelegate.swift; sourceTree = "<group>"; };
		2DCD0D041F67106400CA6642 /* MainVC.swift */ = {isa = PBXFileReference; lastKnownFileType = sourcecode.swift; path = MainVC.swift; sourceTree = "<group>"; };
		2DCD0D071F67106400CA6642 /* Base */ = {isa = PBXFileReference; lastKnownFileType = file.storyboard; name = Base; path = Base.lproj/Main.storyboard; sourceTree = "<group>"; };
		2DCD0D091F67106400CA6642 /* Assets.xcassets */ = {isa = PBXFileReference; lastKnownFileType = folder.assetcatalog; path = Assets.xcassets; sourceTree = "<group>"; };
		2DCD0D0C1F67106400CA6642 /* Base */ = {isa = PBXFileReference; lastKnownFileType = file.storyboard; name = Base; path = Base.lproj/LaunchScreen.storyboard; sourceTree = "<group>"; };
		2DCD0D0E1F67106400CA6642 /* Info.plist */ = {isa = PBXFileReference; lastKnownFileType = text.plist.xml; path = Info.plist; sourceTree = "<group>"; };
/* End PBXFileReference section */

/* Begin PBXFrameworksBuildPhase section */
		2DCD0CFC1F67106400CA6642 /* Frameworks */ = {
			isa = PBXFrameworksBuildPhase;
			buildActionMask = 2147483647;
			files = (
			);
			runOnlyForDeploymentPostprocessing = 0;
		};
/* End PBXFrameworksBuildPhase section */

/* Begin PBXGroup section */
		2D47F2A61F69A93C005D7B58 /* VC */ = {
			isa = PBXGroup;
			children = (
				2DCD0D041F67106400CA6642 /* MainVC.swift */,
				2D47F2AB1F69AE01005D7B58 /* VideoVC.swift */,
			);
			path = VC;
			sourceTree = "<group>";
		};
		2D47F2A71F69A950005D7B58 /* Model */ = {
			isa = PBXGroup;
			children = (
				2D47F2B01F69B13D005D7B58 /* PartyRock.swift */,
			);
			path = Model;
			sourceTree = "<group>";
		};
		2D47F2A81F69A955005D7B58 /* View */ = {
			isa = PBXGroup;
			children = (
				2D47F2AD1F69AF40005D7B58 /* PartyCell.swift */,
			);
			path = View;
			sourceTree = "<group>";
		};
		2D47F2AA1F69AD27005D7B58 /* Files */ = {
			isa = PBXGroup;
			children = (
				2D47F2A91F69AD24005D7B58 /* still time.ttf */,
			);
			path = Files;
			sourceTree = "<group>";
		};
		2DCD0CF61F67106400CA6642 = {
			isa = PBXGroup;
			children = (
				2DCD0D011F67106400CA6642 /* PartyRock */,
				2DCD0D001F67106400CA6642 /* Products */,
			);
			sourceTree = "<group>";
		};
		2DCD0D001F67106400CA6642 /* Products */ = {
			isa = PBXGroup;
			children = (
				2DCD0CFF1F67106400CA6642 /* PartyRock.app */,
			);
			name = Products;
			sourceTree = "<group>";
		};
		2DCD0D011F67106400CA6642 /* PartyRock */ = {
			isa = PBXGroup;
			children = (
				2D47F2AA1F69AD27005D7B58 /* Files */,
				2D47F2A81F69A955005D7B58 /* View */,
				2D47F2A71F69A950005D7B58 /* Model */,
				2D47F2A61F69A93C005D7B58 /* VC */,
				2DCD0D021F67106400CA6642 /* AppDelegate.swift */,
				2DCD0D061F67106400CA6642 /* Main.storyboard */,
				2DCD0D091F67106400CA6642 /* Assets.xcassets */,
				2DCD0D0B1F67106400CA6642 /* LaunchScreen.storyboard */,
				2DCD0D0E1F67106400CA6642 /* Info.plist */,
			);
			path = PartyRock;
			sourceTree = "<group>";
		};
/* End PBXGroup section */

/* Begin PBXNativeTarget section */
		2DCD0CFE1F67106400CA6642 /* PartyRock */ = {
			isa = PBXNativeTarget;
			buildConfigurationList = 2DCD0D111F67106400CA6642 /* Build configuration list for PBXNativeTarget "PartyRock" */;
			buildPhases = (
				2DCD0CFB1F67106400CA6642 /* Sources */,
				2DCD0CFC1F67106400CA6642 /* Frameworks */,
				2DCD0CFD1F67106400CA6642 /* Resources */,
			);
			buildRules = (
			);
			dependencies = (
			);
			name = PartyRock;
			productName = PartyRock;
			productReference = 2DCD0CFF1F67106400CA6642 /* PartyRock.app */;
			productType = "com.apple.product-type.application";
		};
/* End PBXNativeTarget section */

/* Begin PBXProject section */
		2DCD0CF71F67106400CA6642 /* Project object */ = {
			isa = PBXProject;
			attributes = {
				LastSwiftUpdateCheck = 0900;
				LastUpgradeCheck = 0900;
				ORGANIZATIONNAME = Damian;
				TargetAttributes = {
					2DCD0CFE1F67106400CA6642 = {
						CreatedOnToolsVersion = 9.0;
						ProvisioningStyle = Automatic;
					};
				};
			};
			buildConfigurationList = 2DCD0CFA1F67106400CA6642 /* Build configuration list for PBXProject "PartyRock" */;
			compatibilityVersion = "Xcode 8.0";
			developmentRegion = en;
			hasScannedForEncodings = 0;
			knownRegions = (
				en,
				Base,
			);
			mainGroup = 2DCD0CF61F67106400CA6642;
			productRefGroup = 2DCD0D001F67106400CA6642 /* Products */;
			projectDirPath = "";
			projectRoot = "";
			targets = (
				2DCD0CFE1F67106400CA6642 /* PartyRock */,
			);
		};
/* End PBXProject section */

/* Begin PBXResourcesBuildPhase section */
		2DCD0CFD1F67106400CA6642 /* Resources */ = {
			isa = PBXResourcesBuildPhase;
			buildActionMask = 2147483647;
			files = (
				2D47F2B21F69BCF7005D7B58 /* still time.ttf in Resources */,
				2DCD0D0D1F67106400CA6642 /* LaunchScreen.storyboard in Resources */,
				2DCD0D0A1F67106400CA6642 /* Assets.xcassets in Resources */,
				2DCD0D081F67106400CA6642 /* Main.storyboard in Resources */,
			);
			runOnlyForDeploymentPostprocessing = 0;
		};
/* End PBXResourcesBuildPhase section */

/* Begin PBXSourcesBuildPhase section */
		2DCD0CFB1F67106400CA6642 /* Sources */ = {
			isa = PBXSourcesBuildPhase;
			buildActionMask = 2147483647;
			files = (
				2DCD0D051F67106400CA6642 /* MainVC.swift in Sources */,
				2DCD0D031F67106400CA6642 /* AppDelegate.swift in Sources */,
				2D47F2B11F69B13D005D7B58 /* PartyRock.swift in Sources */,
				2D47F2AE1F69AF40005D7B58 /* PartyCell.swift in Sources */,
				2D47F2AC1F69AE01005D7B58 /* VideoVC.swift in Sources */,
			);
			runOnlyForDeploymentPostprocessing = 0;
		};
/* End PBXSourcesBuildPhase section */

/* Begin PBXVariantGroup section */
		2DCD0D061F67106400CA6642 /* Main.storyboard */ = {
			isa = PBXVariantGroup;
			children = (
				2DCD0D071F67106400CA6642 /* Base */,
			);
			name = Main.storyboard;
			sourceTree = "<group>";
		};
		2DCD0D0B1F67106400CA6642 /* LaunchScreen.storyboard */ = {
			isa = PBXVariantGroup;
			children = (
				2DCD0D0C1F67106400CA6642 /* Base */,
			);
			name = LaunchScreen.storyboard;
			sourceTree = "<group>";
		};
/* End PBXVariantGroup section */

/* Begin XCBuildConfiguration section */
		2DCD0D0F1F67106400CA6642 /* Debug */ = {
			isa = XCBuildConfiguration;
			buildSettings = {
				ALWAYS_SEARCH_USER_PATHS = NO;
				CLANG_ANALYZER_NONNULL = YES;
				CLANG_ANALYZER_NUMBER_OBJECT_CONVERSION = YES_AGGRESSIVE;
				CLANG_CXX_LANGUAGE_STANDARD = "gnu++14";
				CLANG_CXX_LIBRARY = "libc++";
				CLANG_ENABLE_MODULES = YES;
				CLANG_ENABLE_OBJC_ARC = YES;
				CLANG_WARN_BLOCK_CAPTURE_AUTORELEASING = YES;
				CLANG_WARN_BOOL_CONVERSION = YES;
				CLANG_WARN_COMMA = YES;
				CLANG_WARN_CONSTANT_CONVERSION = YES;
				CLANG_WARN_DIRECT_OBJC_ISA_USAGE = YES_ERROR;
				CLANG_WARN_DOCUMENTATION_COMMENTS = YES;
				CLANG_WARN_EMPTY_BODY = YES;
				CLANG_WARN_ENUM_CONVERSION = YES;
				CLANG_WARN_INFINITE_RECURSION = YES;
				CLANG_WARN_INT_CONVERSION = YES;
				CLANG_WARN_NON_LITERAL_NULL_CONVERSION = YES;
				CLANG_WARN_OBJC_LITERAL_CONVERSION = YES;
				CLANG_WARN_OBJC_ROOT_CLASS = YES_ERROR;
				CLANG_WARN_RANGE_LOOP_ANALYSIS = YES;
				CLANG_WARN_STRICT_PROTOTYPES = YES;
				CLANG_WARN_SUSPICIOUS_MOVE = YES;
				CLANG_WARN_UNGUARDED_AVAILABILITY = YES_AGGRESSIVE;
				CLANG_WARN_UNREACHABLE_CODE = YES;
				CLANG_WARN__DUPLICATE_METHOD_MATCH = YES;
				CODE_SIGN_IDENTITY = "iPhone Developer";
				COPY_PHASE_STRIP = NO;
				DEBUG_INFORMATION_FORMAT = dwarf;
				ENABLE_STRICT_OBJC_MSGSEND = YES;
				ENABLE_TESTABILITY = YES;
				GCC_C_LANGUAGE_STANDARD = gnu11;
				GCC_DYNAMIC_NO_PIC = NO;
				GCC_NO_COMMON_BLOCKS = YES;
				GCC_OPTIMIZATION_LEVEL = 0;
				GCC_PREPROCESSOR_DEFINITIONS = (
					"DEBUG=1",
					"$(inherited)",
				);
				GCC_WARN_64_TO_32_BIT_CONVERSION = YES;
				GCC_WARN_ABOUT_RETURN_TYPE = YES_ERROR;
				GCC_WARN_UNDECLARED_SELECTOR = YES;
				GCC_WARN_UNINITIALIZED_AUTOS = YES_AGGRESSIVE;
				GCC_WARN_UNUSED_FUNCTION = YES;
				GCC_WARN_UNUSED_VARIABLE = YES;
				IPHONEOS_DEPLOYMENT_TARGET = 11.0;
				MTL_ENABLE_DEBUG_INFO = YES;
				ONLY_ACTIVE_ARCH = YES;
				SDKROOT = iphoneos;
				SWIFT_ACTIVE_COMPILATION_CONDITIONS = DEBUG;
				SWIFT_OPTIMIZATION_LEVEL = "-Onone";
			};
			name = Debug;
		};
		2DCD0D101F67106400CA6642 /* Release */ = {
			isa = XCBuildConfiguration;
			buildSettings = {
				ALWAYS_SEARCH_USER_PATHS = NO;
				CLANG_ANALYZER_NONNULL = YES;
				CLANG_ANALYZER_NUMBER_OBJECT_CONVERSION = YES_AGGRESSIVE;
				CLANG_CXX_LANGUAGE_STANDARD = "gnu++14";
				CLANG_CXX_LIBRARY = "libc++";
				CLANG_ENABLE_MODULES = YES;
				CLANG_ENABLE_OBJC_ARC = YES;
				CLANG_WARN_BLOCK_CAPTURE_AUTORELEASING = YES;
				CLANG_WARN_BOOL_CONVERSION = YES;
				CLANG_WARN_COMMA = YES;
				CLANG_WARN_CONSTANT_CONVERSION = YES;
				CLANG_WARN_DIRECT_OBJC_ISA_USAGE = YES_ERROR;
				CLANG_WARN_DOCUMENTATION_COMMENTS = YES;
				CLANG_WARN_EMPTY_BODY = YES;
				CLANG_WARN_ENUM_CONVERSION = YES;
				CLANG_WARN_INFINITE_RECURSION = YES;
				CLANG_WARN_INT_CONVERSION = YES;
				CLANG_WARN_NON_LITERAL_NULL_CONVERSION = YES;
				CLANG_WARN_OBJC_LITERAL_CONVERSION = YES;
				CLANG_WARN_OBJC_ROOT_CLASS = YES_ERROR;
				CLANG_WARN_RANGE_LOOP_ANALYSIS = YES;
				CLANG_WARN_STRICT_PROTOTYPES = YES;
				CLANG_WARN_SUSPICIOUS_MOVE = YES;
				CLANG_WARN_UNGUARDED_AVAILABILITY = YES_AGGRESSIVE;
				CLANG_WARN_UNREACHABLE_CODE = YES;
				CLANG_WARN__DUPLICATE_METHOD_MATCH = YES;
				CODE_SIGN_IDENTITY = "iPhone Developer";
				COPY_PHASE_STRIP = NO;
				DEBUG_INFORMATION_FORMAT = "dwarf-with-dsym";
				ENABLE_NS_ASSERTIONS = NO;
				ENABLE_STRICT_OBJC_MSGSEND = YES;
				GCC_C_LANGUAGE_STANDARD = gnu11;
				GCC_NO_COMMON_BLOCKS = YES;
				GCC_WARN_64_TO_32_BIT_CONVERSION = YES;
				GCC_WARN_ABOUT_RETURN_TYPE = YES_ERROR;
				GCC_WARN_UNDECLARED_SELECTOR = YES;
				GCC_WARN_UNINITIALIZED_AUTOS = YES_AGGRESSIVE;
				GCC_WARN_UNUSED_FUNCTION = YES;
				GCC_WARN_UNUSED_VARIABLE = YES;
				IPHONEOS_DEPLOYMENT_TARGET = 11.0;
				MTL_ENABLE_DEBUG_INFO = NO;
				SDKROOT = iphoneos;
				SWIFT_OPTIMIZATION_LEVEL = "-Owholemodule";
				VALIDATE_PRODUCT = YES;
			};
			name = Release;
		};
		2DCD0D121F67106400CA6642 /* Debug */ = {
			isa = XCBuildConfiguration;
			buildSettings = {
				ASSETCATALOG_COMPILER_APPICON_NAME = AppIcon;
				CODE_SIGN_STYLE = Automatic;
				INFOPLIST_FILE = PartyRock/Info.plist;
				LD_RUNPATH_SEARCH_PATHS = "$(inherited) @executable_path/Frameworks";
				PRODUCT_BUNDLE_IDENTIFIER = com.PartyRock;
				PRODUCT_NAME = "$(TARGET_NAME)";
				SWIFT_VERSION = 4.0;
				TARGETED_DEVICE_FAMILY = "1,2";
			};
			name = Debug;
		};
		2DCD0D131F67106400CA6642 /* Release */ = {
			isa = XCBuildConfiguration;
			buildSettings = {
				ASSETCATALOG_COMPILER_APPICON_NAME = AppIcon;
				CODE_SIGN_STYLE = Automatic;
				INFOPLIST_FILE = PartyRock/Info.plist;
				LD_RUNPATH_SEARCH_PATHS = "$(inherited) @executable_path/Frameworks";
				PRODUCT_BUNDLE_IDENTIFIER = com.PartyRock;
				PRODUCT_NAME = "$(TARGET_NAME)";
				SWIFT_VERSION = 4.0;
				TARGETED_DEVICE_FAMILY = "1,2";
			};
			name = Release;
		};
/* End XCBuildConfiguration section */

/* Begin XCConfigurationList section */
		2DCD0CFA1F67106400CA6642 /* Build configuration list for PBXProject "PartyRock" */ = {
			isa = XCConfigurationList;
			buildConfigurations = (
				2DCD0D0F1F67106400CA6642 /* Debug */,
				2DCD0D101F67106400CA6642 /* Release */,
			);
			defaultConfigurationIsVisible = 0;
			defaultConfigurationName = Release;
		};
		2DCD0D111F67106400CA6642 /* Build configuration list for PBXNativeTarget "PartyRock" */ = {
			isa = XCConfigurationList;
			buildConfigurations = (
				2DCD0D121F67106400CA6642 /* Debug */,
				2DCD0D131F67106400CA6642 /* Release */,
			);
			defaultConfigurationIsVisible = 0;
			defaultConfigurationName = Release;
		};
/* End XCConfigurationList section */
	};
	rootObject = 2DCD0CF71F67106400CA6642 /* Project object */;
}
